
Microsoft Visual Studio Solution File, Format Version 11.00
# Visual Studio 2010
Project("{FAE04EC0-301F-11D3-BF4B-00C04F79EFBC}") = "ConsoleToolBox", "ConsoleToolBox\ConsoleToolBox.csproj", "{5E97C2F5-4600-455F-BF44-775F41C22C64}"
EndProject
Project("{FAE04EC0-301F-11D3-BF4B-00C04F79EFBC}") = "DemoApp", "DemoApp\DemoApp.csproj", "{6BD7BB20-19F0-443D-A0B7-AB3D626CF4BA}"
EndProject
Project("{FAE04EC0-301F-11D3-BF4B-00C04F79EFBC}") = "ConsoleToolBox.Tests", "ConsoleToolBox.Tests\ConsoleToolBox.Tests.csproj", "{DF3C6AA1-F771-4D20-A486-299BB1A2858F}"
EndProject
Project("{2150E333-8FDC-42A3-9474-1A3956D46DE8}") = "Solution Items", "Solution Items", "{E86233B8-AF15-420C-BE85-47887D6E839F}"
	ProjectSection(SolutionItems) = preProject
		ConsoleToolBox.vsmdi = ConsoleToolBox.vsmdi
		Local.testsettings = Local.testsettings
		TraceAndTestImpact.testsettings = TraceAndTestImpact.testsettings
	EndProjectSection
EndProject
Global
	GlobalSection(TestCaseManagementSettings) = postSolution
		CategoryFile = ConsoleToolBox.vsmdi
	EndGlobalSection
	GlobalSection(SolutionConfigurationPlatforms) = preSolution
		Debug|Any CPU = Debug|Any CPU
		Debug|Mixed Platforms = Debug|Mixed Platforms
		Debug|x86 = Debug|x86
		Release|Any CPU = Release|Any CPU
		Release|Mixed Platforms = Release|Mixed Platforms
		Release|x86 = Release|x86
	EndGlobalSection
	GlobalSection(ProjectConfigurationPlatforms) = postSolution
		{5E97C2F5-4600-455F-BF44-775F41C22C64}.Debug|Any CPU.ActiveCfg = Debug|x86
		{5E97C2F5-4600-455F-BF44-775F41C22C64}.Debug|Mixed Platforms.ActiveCfg = Debug|x86
		{5E97C2F5-4600-455F-BF44-775F41C22C64}.Debug|Mixed Platforms.Build.0 = Debug|x86
		{5E97C2F5-4600-455F-BF44-775F41C22C64}.Debug|x86.ActiveCfg = Debug|x86
		{5E97C2F5-4600-455F-BF44-775F41C22C64}.Debug|x86.Build.0 = Debug|x86
		{5E97C2F5-4600-455F-BF44-775F41C22C64}.Release|Any CPU.ActiveCfg = Release|x86
		{5E97C2F5-4600-455F-BF44-775F41C22C64}.Release|Mixed Platforms.ActiveCfg = Release|x86
		{5E97C2F5-4600-455F-BF44-775F41C22C64}.Release|Mixed Platforms.Build.0 = Release|x86
		{5E97C2F5-4600-455F-BF44-775F41C22C64}.Release|x86.ActiveCfg = Release|x86
		{5E97C2F5-4600-455F-BF44-775F41C22C64}.Release|x86.Build.0 = Release|x86
		{6BD7BB20-19F0-443D-A0B7-AB3D626CF4BA}.Debug|Any CPU.ActiveCfg = Debug|x86
		{6BD7BB20-19F0-443D-A0B7-AB3D626CF4BA}.Debug|Mixed Platforms.ActiveCfg = Debug|x86
		{6BD7BB20-19F0-443D-A0B7-AB3D626CF4BA}.Debug|Mixed Platforms.Build.0 = Debug|x86
		{6BD7BB20-19F0-443D-A0B7-AB3D626CF4BA}.Debug|x86.ActiveCfg = Debug|x86
		{6BD7BB20-19F0-443D-A0B7-AB3D626CF4BA}.Debug|x86.Build.0 = Debug|x86
		{6BD7BB20-19F0-443D-A0B7-AB3D626CF4BA}.Release|Any CPU.ActiveCfg = Release|x86
		{6BD7BB20-19F0-443D-A0B7-AB3D626CF4BA}.Release|Mixed Platforms.ActiveCfg = Release|x86
		{6BD7BB20-19F0-443D-A0B7-AB3D626CF4BA}.Release|Mixed Platforms.Build.0 = Release|x86
		{6BD7BB20-19F0-443D-A0B7-AB3D626CF4BA}.Release|x86.ActiveCfg = Release|x86
		{6BD7BB20-19F0-443D-A0B7-AB3D626CF4BA}.Release|x86.Build.0 = Release|x86
		{DF3C6AA1-F771-4D20-A486-299BB1A2858F}.Debug|Any CPU.ActiveCfg = Debug|Any CPU
		{DF3C6AA1-F771-4D20-A486-299BB1A2858F}.Debug|Any CPU.Build.0 = Debug|Any CPU
		{DF3C6AA1-F771-4D20-A486-299BB1A2858F}.Debug|Mixed Platforms.ActiveCfg = Debug|Any CPU
		{DF3C6AA1-F771-4D20-A486-299BB1A2858F}.Debug|Mixed Platforms.Build.0 = Debug|Any CPU
		{DF3C6AA1-F771-4D20-A486-299BB1A2858F}.Debug|x86.ActiveCfg = Debug|Any CPU
		{DF3C6AA1-F771-4D20-A486-299BB1A2858F}.Release|Any CPU.ActiveCfg = Release|Any CPU
		{DF3C6AA1-F771-4D20-A486-299BB1A2858F}.Release|Any CPU.Build.0 = Release|Any CPU
		{DF3C6AA1-F771-4D20-A486-299BB1A2858F}.Release|Mixed Platforms.ActiveCfg = Release|Any CPU
		{DF3C6AA1-F771-4D20-A486-299BB1A2858F}.Release|Mixed Platforms.Build.0 = Release|Any CPU
		{DF3C6AA1-F771-4D20-A486-299BB1A2858F}.Release|x86.ActiveCfg = Release|Any CPU
	EndGlobalSection
	GlobalSection(SolutionProperties) = preSolution
		HideSolutionNode = FALSE
	EndGlobalSection
EndGlobal
